Microsoft Visual Studio Solution File, Format Version 12.00
# Visual Studio 15
VisualStudioVersion = 15.0.28010.2041
MinimumVisualStudioVersion = 10.0.40219.1
Project("{FAE04EC0-301F-11D3-BF4B-00C04F79EFBC}") = "VSModLauncher", "VSModLauncher.csproj", "{203DFBF1-3599-43FD-8487-E1C79C2B788F}"
	ProjectSection(ProjectDependencies) = postProject
		{ba219778-5d3a-40fc-afc1-73daf96104bf} = {ba219778-5d3a-40fc-afc1-73daf96104bf}
		{e838118e-4a02-4b0d-a3ea-259643b428fc} = {e838118e-4a02-4b0d-a3ea-259643b428fc}
	EndProjectSection
EndProject
Project("{FAE04EC0-301F-11D3-BF4B-00C04F79EFBC}") = "admintrader", "mods\admintrader\admintrader.csproj", "{ba219778-5d3a-40fc-afc1-73daf96104bf}"
EndProject
Project("{FAE04EC0-301F-11D3-BF4B-00C04F79EFBC}") = "adminbook", "mods\adminbook\adminbook.csproj", "{e838118e-4a02-4b0d-a3ea-259643b428fc}"
EndProject
Global
	GlobalSection(SolutionConfigurationPlatforms) = preSolution
		Debug|Any CPU = Debug|Any CPU
		Release x64|Any CPU = Release x64|Any CPU
		Release|Any CPU = Release|Any CPU
	EndGlobalSection
	GlobalSection(ProjectConfigurationPlatforms) = postSolution
		{203DFBF1-3599-43FD-8487-E1C79C2B788F}.Debug|Any CPU.ActiveCfg = Debug|Any CPU
		{203DFBF1-3599-43FD-8487-E1C79C2B788F}.Debug|Any CPU.Build.0 = Debug|Any CPU
		{203DFBF1-3599-43FD-8487-E1C79C2B788F}.Release x64|Any CPU.ActiveCfg = Release|Any CPU
		{203DFBF1-3599-43FD-8487-E1C79C2B788F}.Release x64|Any CPU.Build.0 = Release|Any CPU
		{203DFBF1-3599-43FD-8487-E1C79C2B788F}.Release|Any CPU.ActiveCfg = Release|Any CPU
		{203DFBF1-3599-43FD-8487-E1C79C2B788F}.Release|Any CPU.Build.0 = Release|Any CPU
{e838118e-4a02-4b0d-a3ea-259643b428fc}.Debug|Any CPU.ActiveCfg = Debug|Any CPU
{e838118e-4a02-4b0d-a3ea-259643b428fc}.Debug|Any CPU.Build.0 = Debug|Any CPU
{e838118e-4a02-4b0d-a3ea-259643b428fc}.Release x64|Any CPU.ActiveCfg = Release|Any CPU
{e838118e-4a02-4b0d-a3ea-259643b428fc}.Release x64|Any CPU.Build.0 = Release|Any CPU
{e838118e-4a02-4b0d-a3ea-259643b428fc}.Release|Any CPU.ActiveCfg = Release|Any CPU
{e838118e-4a02-4b0d-a3ea-259643b428fc}.Release|Any CPU.Build.0 = Release|Any CPU}
{ba219778-5d3a-40fc-afc1-73daf96104bf}.Debug|Any CPU.ActiveCfg = Debug|Any CPU
{ba219778-5d3a-40fc-afc1-73daf96104bf}.Debug|Any CPU.Build.0 = Debug|Any CPU
{ba219778-5d3a-40fc-afc1-73daf96104bf}.Release x64|Any CPU.ActiveCfg = Release|Any CPU
{ba219778-5d3a-40fc-afc1-73daf96104bf}.Release x64|Any CPU.Build.0 = Release|Any CPU
{ba219778-5d3a-40fc-afc1-73daf96104bf}.Release|Any CPU.ActiveCfg = Release|Any CPU
{ba219778-5d3a-40fc-afc1-73daf96104bf}.Release|Any CPU.Build.0 = Release|Any CPU}
	EndGlobalSection
	GlobalSection(SolutionProperties) = preSolution
		HideSolutionNode = FALSE
	EndGlobalSection
	GlobalSection(ExtensibilityGlobals) = postSolution
		SolutionGuid = {26630D08-373A-4935-AEEC-2864013A5F5B}
	EndGlobalSection
EndGlobal
